
Microsoft Visual Studio Solution File, Format Version 12.00
# Visual Studio Version 17
VisualStudioVersion = 17.3.32819.101
MinimumVisualStudioVersion = 10.0.40219.1
Project("{9A19103F-16F7-4668-BE54-9A1E7A4F7556}") = "DiscussifyApi", "DiscussifyApi\DiscussifyApi.csproj", "{B62B3EA1-AD89-474D-8C59-AED8D4952EF3}"
EndProject
Project("{00D1A9C2-B5F0-4AF3-8072-F6C62B433612}") = "DiscussifyDB", "DiscussifyDB\DiscussifyDB.sqlproj", "{B93797B2-365A-43A8-A0F9-5B78FDAF1F70}"
EndProject
Project("{9A19103F-16F7-4668-BE54-9A1E7A4F7556}") = "DiscussifyApiTests", "DiscussifyApiTests\DiscussifyApiTests.csproj", "{512945B8-D21B-4BB7-9211-887F4A39EB61}"
EndProject
Global
	GlobalSection(SolutionConfigurationPlatforms) = preSolution
		Debug|Any CPU = Debug|Any CPU
		Release|Any CPU = Release|Any CPU
	EndGlobalSection
	GlobalSection(ProjectConfigurationPlatforms) = postSolution
		{B62B3EA1-AD89-474D-8C59-AED8D4952EF3}.Debug|Any CPU.ActiveCfg = Debug|Any CPU
		{B62B3EA1-AD89-474D-8C59-AED8D4952EF3}.Debug|Any CPU.Build.0 = Debug|Any CPU
		{B62B3EA1-AD89-474D-8C59-AED8D4952EF3}.Release|Any CPU.ActiveCfg = Release|Any CPU
		{B62B3EA1-AD89-474D-8C59-AED8D4952EF3}.Release|Any CPU.Build.0 = Release|Any CPU
		{B93797B2-365A-43A8-A0F9-5B78FDAF1F70}.Debug|Any CPU.ActiveCfg = Debug|Any CPU
		{B93797B2-365A-43A8-A0F9-5B78FDAF1F70}.Debug|Any CPU.Build.0 = Debug|Any CPU
		{B93797B2-365A-43A8-A0F9-5B78FDAF1F70}.Debug|Any CPU.Deploy.0 = Debug|Any CPU
		{B93797B2-365A-43A8-A0F9-5B78FDAF1F70}.Release|Any CPU.ActiveCfg = Release|Any CPU
		{B93797B2-365A-43A8-A0F9-5B78FDAF1F70}.Release|Any CPU.Build.0 = Release|Any CPU
		{B93797B2-365A-43A8-A0F9-5B78FDAF1F70}.Release|Any CPU.Deploy.0 = Release|Any CPU
		{512945B8-D21B-4BB7-9211-887F4A39EB61}.Debug|Any CPU.ActiveCfg = Debug|Any CPU
		{512945B8-D21B-4BB7-9211-887F4A39EB61}.Debug|Any CPU.Build.0 = Debug|Any CPU
		{512945B8-D21B-4BB7-9211-887F4A39EB61}.Release|Any CPU.ActiveCfg = Release|Any CPU
		{512945B8-D21B-4BB7-9211-887F4A39EB61}.Release|Any CPU.Build.0 = Release|Any CPU
	EndGlobalSection
	GlobalSection(SolutionProperties) = preSolution
		HideSolutionNode = FALSE
	EndGlobalSection
	GlobalSection(ExtensibilityGlobals) = postSolution
		SolutionGuid = {31BB8808-91BB-4D23-9AE9-AF295BFD779D}
	EndGlobalSection
EndGlobal
